
Microsoft Visual Studio Solution File, Format Version 12.00
# Visual Studio Version 16
VisualStudioVersion = 16.0.30413.136
MinimumVisualStudioVersion = 10.0.40219.1
Project("{FAE04EC0-301F-11D3-BF4B-00C04F79EFBC}") = "FunctionApp2", "FunctionApp2\FunctionApp2.csproj", "{38F40445-FBF3-4EEC-BAD1-94D8FA3432FF}"
EndProject
Global
	GlobalSection(SolutionConfigurationPlatforms) = preSolution
		Debug|Any CPU = Debug|Any CPU
		Release|Any CPU = Release|Any CPU
	EndGlobalSection
	GlobalSection(ProjectConfigurationPlatforms) = postSolution
		{38F40445-FBF3-4EEC-BAD1-94D8FA3432FF}.Debug|Any CPU.ActiveCfg = Debug|Any CPU
		{38F40445-FBF3-4EEC-BAD1-94D8FA3432FF}.Debug|Any CPU.Build.0 = Debug|Any CPU
		{38F40445-FBF3-4EEC-BAD1-94D8FA3432FF}.Release|Any CPU.ActiveCfg = Release|Any CPU
		{38F40445-FBF3-4EEC-BAD1-94D8FA3432FF}.Release|Any CPU.Build.0 = Release|Any CPU
	EndGlobalSection
	GlobalSection(SolutionProperties) = preSolution
		HideSolutionNode = FALSE
	EndGlobalSection
	GlobalSection(ExtensibilityGlobals) = postSolution
		SolutionGuid = {330148F9-8C1B-483B-BAB2-BD79EF85478A}
	EndGlobalSection
EndGlobal
